
Microsoft Visual Studio Solution File, Format Version 12.00
Project("{FAE04EC0-301F-11D3-BF4B-00C04F79EFBC}") = "Tetrahedrons", "Tetrahedrons\Tetrahedrons.csproj", "{D70DFA78-49B4-404B-BE1C-7CDC0DAE26FD}"
EndProject
Global
	GlobalSection(SolutionConfigurationPlatforms) = preSolution
		Debug|Any CPU = Debug|Any CPU
		Release|Any CPU = Release|Any CPU
	EndGlobalSection
	GlobalSection(ProjectConfigurationPlatforms) = postSolution
		{D70DFA78-49B4-404B-BE1C-7CDC0DAE26FD}.Debug|Any CPU.ActiveCfg = Debug|Any CPU
		{D70DFA78-49B4-404B-BE1C-7CDC0DAE26FD}.Debug|Any CPU.Build.0 = Debug|Any CPU
		{D70DFA78-49B4-404B-BE1C-7CDC0DAE26FD}.Release|Any CPU.ActiveCfg = Release|Any CPU
		{D70DFA78-49B4-404B-BE1C-7CDC0DAE26FD}.Release|Any CPU.Build.0 = Release|Any CPU
	EndGlobalSection
EndGlobal
